
Microsoft Visual Studio Solution File, Format Version 12.00
# Visual Studio 2012
Project("{FAE04EC0-301F-11D3-BF4B-00C04F79EFBC}") = "WindowsFormsApplication1", "WindowsFormsApplication1\WindowsFormsApplication1.csproj", "{CB685E33-085A-48FB-B8DB-74D83B1925F7}"
	ProjectSection(ProjectDependencies) = postProject
		{CFB1D200-BF78-442B-A80C-70B4252844ED} = {CFB1D200-BF78-442B-A80C-70B4252844ED}
	EndProjectSection
EndProject
Project("{FAE04EC0-301F-11D3-BF4B-00C04F79EFBC}") = "WcfService1", "WcfService1\WcfService1.csproj", "{CFB1D200-BF78-442B-A80C-70B4252844ED}"
EndProject
Global
	GlobalSection(SolutionConfigurationPlatforms) = preSolution
		Debug|Any CPU = Debug|Any CPU
		Release|Any CPU = Release|Any CPU
	EndGlobalSection
	GlobalSection(ProjectConfigurationPlatforms) = postSolution
		{CB685E33-085A-48FB-B8DB-74D83B1925F7}.Debug|Any CPU.ActiveCfg = Debug|Any CPU
		{CB685E33-085A-48FB-B8DB-74D83B1925F7}.Debug|Any CPU.Build.0 = Debug|Any CPU
		{CB685E33-085A-48FB-B8DB-74D83B1925F7}.Release|Any CPU.ActiveCfg = Release|Any CPU
		{CB685E33-085A-48FB-B8DB-74D83B1925F7}.Release|Any CPU.Build.0 = Release|Any CPU
		{CFB1D200-BF78-442B-A80C-70B4252844ED}.Debug|Any CPU.ActiveCfg = Debug|Any CPU
		{CFB1D200-BF78-442B-A80C-70B4252844ED}.Debug|Any CPU.Build.0 = Debug|Any CPU
		{CFB1D200-BF78-442B-A80C-70B4252844ED}.Release|Any CPU.ActiveCfg = Release|Any CPU
		{CFB1D200-BF78-442B-A80C-70B4252844ED}.Release|Any CPU.Build.0 = Release|Any CPU
	EndGlobalSection
	GlobalSection(SolutionProperties) = preSolution
		HideSolutionNode = FALSE
	EndGlobalSection
EndGlobal
